
Microsoft Visual Studio Solution File, Format Version 12.00
# Visual Studio 14
VisualStudioVersion = 14.0.24720.0
MinimumVisualStudioVersion = 10.0.40219.1
Project("{2150E333-8FDC-42A3-9474-1A3956D46DE8}") = "src", "src", "{1269A34E-0833-4BF9-8C31-455912EE744A}"
EndProject
Project("{2150E333-8FDC-42A3-9474-1A3956D46DE8}") = "tests", "tests", "{5F3185EF-3CB4-477A-8F00-789D0246C477}"
EndProject
Project("{2150E333-8FDC-42A3-9474-1A3956D46DE8}") = "lib", "lib", "{3BAD6D10-3C76-487B-9481-7B2054C7C427}"
	ProjectSection(SolutionItems) = preProject
		lib\SimpleCrypto.dll = lib\SimpleCrypto.dll
	EndProjectSection
EndProject
Project("{FAE04EC0-301F-11D3-BF4B-00C04F79EFBC}") = "TeamBins", "src\TeamBins\TeamBins.csproj", "{6A01C5BD-EA5C-4255-999F-76F0971B2C36}"
EndProject
Project("{FAE04EC0-301F-11D3-BF4B-00C04F79EFBC}") = "TeamBins.DataAccess", "src\TeamBins.DataAccess\TeamBins.DataAccess.csproj", "{381CEAFA-E0C2-4D2F-8454-E8AA7A264096}"
EndProject
Project("{FAE04EC0-301F-11D3-BF4B-00C04F79EFBC}") = "TeamBins.Tests", "tests\TeamBins.Tests\TeamBins.Tests.csproj", "{E40B68A2-A9DA-4671-B9C3-FEF84A9DDCD6}"
EndProject
Project("{FAE04EC0-301F-11D3-BF4B-00C04F79EFBC}") = "TeamBins.Common", "src\TeamBins.Common\TeamBins.Common.csproj", "{E4DE363A-F570-43CA-A26D-6D022819FD0A}"
EndProject
Project("{8BB2217D-0F2D-49D1-97BC-3654ED321F3B}") = "TeamBins6", "src\TeamBins6\TeamBins6.xproj", "{5ED9A063-1634-4837-939D-FC4AEA3CE3BD}"
EndProject
Project("{8BB2217D-0F2D-49D1-97BC-3654ED321F3B}") = "TeamBins6.Common", "src\TeamBins6.Common\TeamBins6.Common.xproj", "{E455F198-C12F-417C-8587-8A4F8B63DFC5}"
EndProject
Project("{8BB2217D-0F2D-49D1-97BC-3654ED321F3B}") = "TeamBins6.DataAccess", "src\TeamBins6.DataAccess\TeamBins6.DataAccess.xproj", "{31DA70AF-A67C-4216-B02F-C23F43953292}"
EndProject
Global
	GlobalSection(SolutionConfigurationPlatforms) = preSolution
		Debug|Any CPU = Debug|Any CPU
		Release|Any CPU = Release|Any CPU
	EndGlobalSection
	GlobalSection(ProjectConfigurationPlatforms) = postSolution
		{6A01C5BD-EA5C-4255-999F-76F0971B2C36}.Debug|Any CPU.ActiveCfg = Debug|Any CPU
		{6A01C5BD-EA5C-4255-999F-76F0971B2C36}.Debug|Any CPU.Build.0 = Debug|Any CPU
		{6A01C5BD-EA5C-4255-999F-76F0971B2C36}.Release|Any CPU.ActiveCfg = Release|Any CPU
		{6A01C5BD-EA5C-4255-999F-76F0971B2C36}.Release|Any CPU.Build.0 = Release|Any CPU
		{381CEAFA-E0C2-4D2F-8454-E8AA7A264096}.Debug|Any CPU.ActiveCfg = Debug|Any CPU
		{381CEAFA-E0C2-4D2F-8454-E8AA7A264096}.Debug|Any CPU.Build.0 = Debug|Any CPU
		{381CEAFA-E0C2-4D2F-8454-E8AA7A264096}.Release|Any CPU.ActiveCfg = Release|Any CPU
		{381CEAFA-E0C2-4D2F-8454-E8AA7A264096}.Release|Any CPU.Build.0 = Release|Any CPU
		{E40B68A2-A9DA-4671-B9C3-FEF84A9DDCD6}.Debug|Any CPU.ActiveCfg = Debug|Any CPU
		{E40B68A2-A9DA-4671-B9C3-FEF84A9DDCD6}.Debug|Any CPU.Build.0 = Debug|Any CPU
		{E40B68A2-A9DA-4671-B9C3-FEF84A9DDCD6}.Release|Any CPU.ActiveCfg = Release|Any CPU
		{E40B68A2-A9DA-4671-B9C3-FEF84A9DDCD6}.Release|Any CPU.Build.0 = Release|Any CPU
		{E4DE363A-F570-43CA-A26D-6D022819FD0A}.Debug|Any CPU.ActiveCfg = Debug|Any CPU
		{E4DE363A-F570-43CA-A26D-6D022819FD0A}.Debug|Any CPU.Build.0 = Debug|Any CPU
		{E4DE363A-F570-43CA-A26D-6D022819FD0A}.Release|Any CPU.ActiveCfg = Release|Any CPU
		{E4DE363A-F570-43CA-A26D-6D022819FD0A}.Release|Any CPU.Build.0 = Release|Any CPU
		{5ED9A063-1634-4837-939D-FC4AEA3CE3BD}.Debug|Any CPU.ActiveCfg = Debug|Any CPU
		{5ED9A063-1634-4837-939D-FC4AEA3CE3BD}.Debug|Any CPU.Build.0 = Debug|Any CPU
		{5ED9A063-1634-4837-939D-FC4AEA3CE3BD}.Release|Any CPU.ActiveCfg = Release|Any CPU
		{5ED9A063-1634-4837-939D-FC4AEA3CE3BD}.Release|Any CPU.Build.0 = Release|Any CPU
		{E455F198-C12F-417C-8587-8A4F8B63DFC5}.Debug|Any CPU.ActiveCfg = Debug|Any CPU
		{E455F198-C12F-417C-8587-8A4F8B63DFC5}.Debug|Any CPU.Build.0 = Debug|Any CPU
		{E455F198-C12F-417C-8587-8A4F8B63DFC5}.Release|Any CPU.ActiveCfg = Release|Any CPU
		{E455F198-C12F-417C-8587-8A4F8B63DFC5}.Release|Any CPU.Build.0 = Release|Any CPU
		{31DA70AF-A67C-4216-B02F-C23F43953292}.Debug|Any CPU.ActiveCfg = Debug|Any CPU
		{31DA70AF-A67C-4216-B02F-C23F43953292}.Debug|Any CPU.Build.0 = Debug|Any CPU
		{31DA70AF-A67C-4216-B02F-C23F43953292}.Release|Any CPU.ActiveCfg = Release|Any CPU
		{31DA70AF-A67C-4216-B02F-C23F43953292}.Release|Any CPU.Build.0 = Release|Any CPU
	EndGlobalSection
	GlobalSection(SolutionProperties) = preSolution
		HideSolutionNode = FALSE
	EndGlobalSection
	GlobalSection(NestedProjects) = preSolution
		{6A01C5BD-EA5C-4255-999F-76F0971B2C36} = {1269A34E-0833-4BF9-8C31-455912EE744A}
		{381CEAFA-E0C2-4D2F-8454-E8AA7A264096} = {1269A34E-0833-4BF9-8C31-455912EE744A}
		{E40B68A2-A9DA-4671-B9C3-FEF84A9DDCD6} = {5F3185EF-3CB4-477A-8F00-789D0246C477}
		{E4DE363A-F570-43CA-A26D-6D022819FD0A} = {1269A34E-0833-4BF9-8C31-455912EE744A}
		{5ED9A063-1634-4837-939D-FC4AEA3CE3BD} = {1269A34E-0833-4BF9-8C31-455912EE744A}
		{E455F198-C12F-417C-8587-8A4F8B63DFC5} = {1269A34E-0833-4BF9-8C31-455912EE744A}
		{31DA70AF-A67C-4216-B02F-C23F43953292} = {1269A34E-0833-4BF9-8C31-455912EE744A}
	EndGlobalSection
EndGlobal
